{
  "originHash" : "b9dcfd36014c95c0ef55b0c63a421ba31af59b839115c6292ca07ac63acc77b0",
  "pins" : [
    {
      "identity" : "youtubekit",
      "kind" : "remoteSourceControl",
      "location" : "https://github.com/Ali-Al-Anbari/YouTubeKit",
      "state" : {
        "revision" : "13a90ce2b9c1815147bec9e74c1472c7269ddd0c"
      }
    }
  ],
  "version" : 3
}
